// !$*UTF8*$!
{
	archiveVersion = 1;
	classes = {
	};
	objectVersion = 48;
	objects = {

/* Begin PBXBuildFile section */
		B472584B1FE14A6700E8B77E /* main.m in Sources */ = {isa = PBXBuildFile; fileRef = B472584A1FE14A6700E8B77E /* main.m */; };
		B472588D1FE14AF600E8B77E /* WiFi.m in Sources */ = {isa = PBXBuildFile; fileRef = B472585C1FE14AF600E8B77E /* WiFi.m */; };
		B472588E1FE14AF600E8B77E /* Addr_Interface.m in Sources */ = {isa = PBXBuildFile; fileRef = B472585F1FE14AF600E8B77E /* Addr_Interface.m */; };
		B472588F1FE14AF600E8B77E /* NetWorkStatusManagerDefination.m in Sources */ = {isa = PBXBuildFile; fileRef = B47258601FE14AF600E8B77E /* NetWorkStatusManagerDefination.m */; };
		B47258901FE14AF600E8B77E /* NetWorkStatusManager.m in Sources */ = {isa = PBXBuildFile; fileRef = B47258611FE14AF600E8B77E /* NetWorkStatusManager.m */; };
		B47258A61FE14AF600E8B77E /* libxmlParser.m in Sources */ = {isa = PBXBuildFile; fileRef = B47258811FE14AF600E8B77E /* libxmlParser.m */; };
		B47258A71FE14AF600E8B77E /* IMSIXMLParser.m in Sources */ = {isa = PBXBuildFile; fileRef = B47258841FE14AF600E8B77E /* IMSIXMLParser.m */; };
		B47258A81FE14AF600E8B77E /* IMSIManager.m in Sources */ = {isa = PBXBuildFile; fileRef = B47258851FE14AF600E8B77E /* IMSIManager.m */; };
		B47258A91FE14AF600E8B77E /* IMSI.m in Sources */ = {isa = PBXBuildFile; fileRef = B47258861FE14AF600E8B77E /* IMSI.m */; };
		B47258AA1FE14AF600E8B77E /* Test.m in Sources */ = {isa = PBXBuildFile; fileRef = B472588C1FE14AF600E8B77E /* Test.m */; };
		B472590C1FE14C8000E8B77E /* libxml2.tbd in Frameworks */ = {isa = PBXBuildFile; fileRef = B472590B1FE14C8000E8B77E /* libxml2.tbd */; };
		B472590E1FE14CE500E8B77E /* libiconv.tbd in Frameworks */ = {isa = PBXBuildFile; fileRef = B472590D1FE14CE500E8B77E /* libiconv.tbd */; };
/* End PBXBuildFile section */

/* Begin PBXCopyFilesBuildPhase section */
		B47258451FE14A6700E8B77E /* CopyFiles */ = {
			isa = PBXCopyFilesBuildPhase;
			buildActionMask = 2147483647;
			dstPath = /usr/share/man/man1/;
			dstSubfolderSpec = 0;
			files = (
			);
			runOnlyForDeploymentPostprocessing = 1;
		};
/* End PBXCopyFilesBuildPhase section */

/* Begin PBXFileReference section */
		B47258471FE14A6700E8B77E /* Test_Mac */ = {isa = PBXFileReference; explicitFileType = "compiled.mach-o.executable"; includeInIndex = 0; path = Test_Mac; sourceTree = BUILT_PRODUCTS_DIR; };
		B472584A1FE14A6700E8B77E /* main.m */ = {isa = PBXFileReference; lastKnownFileType = sourcecode.c.objc; path = main.m; sourceTree = "<group>"; };
		B47258581FE14AF600E8B77E /* Test.h */ = {isa = PBXFileReference; fileEncoding = 4; lastKnownFileType = sourcecode.c.h; path = Test.h; sourceTree = "<group>"; };
		B472585B1FE14AF600E8B77E /* WiFi.h */ = {isa = PBXFileReference; fileEncoding = 4; lastKnownFileType = sourcecode.c.h; path = WiFi.h; sourceTree = "<group>"; };
		B472585C1FE14AF600E8B77E /* WiFi.m */ = {isa = PBXFileReference; fileEncoding = 4; lastKnownFileType = sourcecode.c.objc; path = WiFi.m; sourceTree = "<group>"; };
		B472585E1FE14AF600E8B77E /* Addr_Interface.h */ = {isa = PBXFileReference; fileEncoding = 4; lastKnownFileType = sourcecode.c.h; path = Addr_Interface.h; sourceTree = "<group>"; };
		B472585F1FE14AF600E8B77E /* Addr_Interface.m */ = {isa = PBXFileReference; fileEncoding = 4; lastKnownFileType = sourcecode.c.objc; path = Addr_Interface.m; sourceTree = "<group>"; };
		B47258601FE14AF600E8B77E /* NetWorkStatusManagerDefination.m */ = {isa = PBXFileReference; fileEncoding = 4; lastKnownFileType = sourcecode.c.objc; path = NetWorkStatusManagerDefination.m; sourceTree = "<group>"; };
		B47258611FE14AF600E8B77E /* NetWorkStatusManager.m */ = {isa = PBXFileReference; fileEncoding = 4; lastKnownFileType = sourcecode.c.objc; path = NetWorkStatusManager.m; sourceTree = "<group>"; };
		B47258651FE14AF600E8B77E /* reader2.c */ = {isa = PBXFileReference; fileEncoding = 4; lastKnownFileType = sourcecode.c.c; path = reader2.c; sourceTree = "<group>"; };
		B47258661FE14AF600E8B77E /* parse1.c */ = {isa = PBXFileReference; fileEncoding = 4; lastKnownFileType = sourcecode.c.c; path = parse1.c; sourceTree = "<group>"; };
		B47258681FE14AF600E8B77E /* CreateXmlFile_cn.cpp */ = {isa = PBXFileReference; fileEncoding = 4; lastKnownFileType = sourcecode.cpp.cpp; path = CreateXmlFile_cn.cpp; sourceTree = "<group>"; };
		B47258691FE14AF600E8B77E /* XPathForXmlFile.cpp */ = {isa = PBXFileReference; fileEncoding = 4; lastKnownFileType = sourcecode.cpp.cpp; path = XPathForXmlFile.cpp; sourceTree = "<group>"; };
		B472586A1FE14AF600E8B77E /* MAKEFILE */ = {isa = PBXFileReference; fileEncoding = 4; lastKnownFileType = text; path = MAKEFILE; sourceTree = "<group>"; };
		B472586B1FE14AF600E8B77E /* wxb_codeConv.c */ = {isa = PBXFileReference; fileEncoding = 4; lastKnownFileType = sourcecode.c.c; path = wxb_codeConv.c; sourceTree = "<group>"; };
		B472586C1FE14AF600E8B77E /* CreatedXml_cn.xml */ = {isa = PBXFileReference; fileEncoding = 4; lastKnownFileType = text.xml; path = CreatedXml_cn.xml; sourceTree = "<group>"; };
		B472586D1FE14AF600E8B77E /* ChangeXmlFile.cpp */ = {isa = PBXFileReference; fileEncoding = 4; lastKnownFileType = sourcecode.cpp.cpp; path = ChangeXmlFile.cpp; sourceTree = "<group>"; };
		B472586E1FE14AF600E8B77E /* CreatedXml.xml */ = {isa = PBXFileReference; fileEncoding = 4; lastKnownFileType = text.xml; path = CreatedXml.xml; sourceTree = "<group>"; };
		B472586F1FE14AF600E8B77E /* ChangedXml.xml */ = {isa = PBXFileReference; fileEncoding = 4; lastKnownFileType = text.xml; path = ChangedXml.xml; sourceTree = "<group>"; };
		B47258701FE14AF600E8B77E /* 1.xml */ = {isa = PBXFileReference; fileEncoding = 4; lastKnownFileType = text.xml; path = 1.xml; sourceTree = "<group>"; };
		B47258711FE14AF600E8B77E /* ParseXmlFile.cpp */ = {isa = PBXFileReference; fileEncoding = 4; lastKnownFileType = sourcecode.cpp.cpp; path = ParseXmlFile.cpp; sourceTree = "<group>"; };
		B47258721FE14AF600E8B77E /* CreateXmlFile.cpp */ = {isa = PBXFileReference; fileEncoding = 4; lastKnownFileType = sourcecode.cpp.cpp; path = CreateXmlFile.cpp; sourceTree = "<group>"; };
		B47258731FE14AF600E8B77E /* xpath2.c */ = {isa = PBXFileReference; fileEncoding = 4; lastKnownFileType = sourcecode.c.c; path = xpath2.c; sourceTree = "<group>"; };
		B47258741FE14AF600E8B77E /* parse2.c */ = {isa = PBXFileReference; fileEncoding = 4; lastKnownFileType = sourcecode.c.c; path = parse2.c; sourceTree = "<group>"; };
		B47258751FE14AF600E8B77E /* reader1.c */ = {isa = PBXFileReference; fileEncoding = 4; lastKnownFileType = sourcecode.c.c; path = reader1.c; sourceTree = "<group>"; };
		B47258761FE14AF600E8B77E /* xpath1.c */ = {isa = PBXFileReference; fileEncoding = 4; lastKnownFileType = sourcecode.c.c; path = xpath1.c; sourceTree = "<group>"; };
		B47258771FE14AF600E8B77E /* readme.md */ = {isa = PBXFileReference; fileEncoding = 4; lastKnownFileType = net.daringfireball.markdown; path = readme.md; sourceTree = "<group>"; };
		B47258781FE14AF600E8B77E /* parse3.c */ = {isa = PBXFileReference; fileEncoding = 4; lastKnownFileType = sourcecode.c.c; path = parse3.c; sourceTree = "<group>"; };
		B47258791FE14AF600E8B77E /* reader4.c */ = {isa = PBXFileReference; fileEncoding = 4; lastKnownFileType = sourcecode.c.c; path = reader4.c; sourceTree = "<group>"; };
		B472587A1FE14AF600E8B77E /* tree2.c */ = {isa = PBXFileReference; fileEncoding = 4; lastKnownFileType = sourcecode.c.c; path = tree2.c; sourceTree = "<group>"; };
		B472587B1FE14AF600E8B77E /* io1.c */ = {isa = PBXFileReference; fileEncoding = 4; lastKnownFileType = sourcecode.c.c; path = io1.c; sourceTree = "<group>"; };
		B472587C1FE14AF600E8B77E /* reader3.c */ = {isa = PBXFileReference; fileEncoding = 4; lastKnownFileType = sourcecode.c.c; path = reader3.c; sourceTree = "<group>"; };
		B472587D1FE14AF600E8B77E /* parse4.c */ = {isa = PBXFileReference; fileEncoding = 4; lastKnownFileType = sourcecode.c.c; path = parse4.c; sourceTree = "<group>"; };
		B472587E1FE14AF600E8B77E /* tree1.c */ = {isa = PBXFileReference; fileEncoding = 4; lastKnownFileType = sourcecode.c.c; path = tree1.c; sourceTree = "<group>"; };
		B472587F1FE14AF600E8B77E /* io2.c */ = {isa = PBXFileReference; fileEncoding = 4; lastKnownFileType = sourcecode.c.c; path = io2.c; sourceTree = "<group>"; };
		B47258801FE14AF600E8B77E /* testWriter.c */ = {isa = PBXFileReference; fileEncoding = 4; lastKnownFileType = sourcecode.c.c; path = testWriter.c; sourceTree = "<group>"; };
		B47258811FE14AF600E8B77E /* libxmlParser.m */ = {isa = PBXFileReference; fileEncoding = 4; lastKnownFileType = sourcecode.c.objc; path = libxmlParser.m; sourceTree = "<group>"; };
		B47258821FE14AF600E8B77E /* libxml.html */ = {isa = PBXFileReference; fileEncoding = 4; lastKnownFileType = text.html; path = libxml.html; sourceTree = "<group>"; };
		B47258831FE14AF600E8B77E /* libxmlParser.h */ = {isa = PBXFileReference; fileEncoding = 4; lastKnownFileType = sourcecode.c.h; path = libxmlParser.h; sourceTree = "<group>"; };
		B47258841FE14AF600E8B77E /* IMSIXMLParser.m */ = {isa = PBXFileReference; fileEncoding = 4; lastKnownFileType = sourcecode.c.objc; path = IMSIXMLParser.m; sourceTree = "<group>"; };
		B47258851FE14AF600E8B77E /* IMSIManager.m */ = {isa = PBXFileReference; fileEncoding = 4; lastKnownFileType = sourcecode.c.objc; path = IMSIManager.m; sourceTree = "<group>"; };
		B47258861FE14AF600E8B77E /* IMSI.m */ = {isa = PBXFileReference; fileEncoding = 4; lastKnownFileType = sourcecode.c.objc; path = IMSI.m; sourceTree = "<group>"; };
		B47258871FE14AF600E8B77E /* IMSIManager.h */ = {isa = PBXFileReference; fileEncoding = 4; lastKnownFileType = sourcecode.c.h; path = IMSIManager.h; sourceTree = "<group>"; };
		B47258881FE14AF600E8B77E /* IMSIXMLParser.h */ = {isa = PBXFileReference; fileEncoding = 4; lastKnownFileType = sourcecode.c.h; path = IMSIXMLParser.h; sourceTree = "<group>"; };
		B47258891FE14AF600E8B77E /* IMSI.h */ = {isa = PBXFileReference; fileEncoding = 4; lastKnownFileType = sourcecode.c.h; path = IMSI.h; sourceTree = "<group>"; };
		B472588A1FE14AF600E8B77E /* NetWorkStatusManagerDefination.h */ = {isa = PBXFileReference; fileEncoding = 4; lastKnownFileType = sourcecode.c.h; path = NetWorkStatusManagerDefination.h; sourceTree = "<group>"; };
		B472588B1FE14AF600E8B77E /* NetWorkStatusManager.h */ = {isa = PBXFileReference; fileEncoding = 4; lastKnownFileType = sourcecode.c.h; path = NetWorkStatusManager.h; sourceTree = "<group>"; };
		B472588C1FE14AF600E8B77E /* Test.m */ = {isa = PBXFileReference; fileEncoding = 4; lastKnownFileType = sourcecode.c.objc; path = Test.m; sourceTree = "<group>"; };
		B472590B1FE14C8000E8B77E /* libxml2.tbd */ = {isa = PBXFileReference; lastKnownFileType = "sourcecode.text-based-dylib-definition"; name = libxml2.tbd; path = usr/lib/libxml2.tbd; sourceTree = SDKROOT; };
		B472590D1FE14CE500E8B77E /* libiconv.tbd */ = {isa = PBXFileReference; lastKnownFileType = "sourcecode.text-based-dylib-definition"; name = libiconv.tbd; path = usr/lib/libiconv.tbd; sourceTree = SDKROOT; };
/* End PBXFileReference section */

/* Begin PBXFrameworksBuildPhase section */
		B47258441FE14A6700E8B77E /* Frameworks */ = {
			isa = PBXFrameworksBuildPhase;
			buildActionMask = 2147483647;
			files = (
				B472590E1FE14CE500E8B77E /* libiconv.tbd in Frameworks */,
				B472590C1FE14C8000E8B77E /* libxml2.tbd in Frameworks */,
			);
			runOnlyForDeploymentPostprocessing = 0;
		};
/* End PBXFrameworksBuildPhase section */

/* Begin PBXGroup section */
		B472583E1FE14A6700E8B77E = {
			isa = PBXGroup;
			children = (
				B47258491FE14A6700E8B77E /* Test_Mac */,
				B47258481FE14A6700E8B77E /* Products */,
				B47259061FE14C2400E8B77E /* Frameworks */,
			);
			sourceTree = "<group>";
		};
		B47258481FE14A6700E8B77E /* Products */ = {
			isa = PBXGroup;
			children = (
				B47258471FE14A6700E8B77E /* Test_Mac */,
			);
			name = Products;
			sourceTree = "<group>";
		};
		B47258491FE14A6700E8B77E /* Test_Mac */ = {
			isa = PBXGroup;
			children = (
				B472584A1FE14A6700E8B77E /* main.m */,
				B47258571FE14AF600E8B77E /* Network */,
			);
			path = Test_Mac;
			sourceTree = "<group>";
		};
		B47258571FE14AF600E8B77E /* Network */ = {
			isa = PBXGroup;
			children = (
				B47258581FE14AF600E8B77E /* Test.h */,
				B472588C1FE14AF600E8B77E /* Test.m */,
				B47258591FE14AF600E8B77E /* NetworkStatusManager */,
			);
			name = Network;
			path = ../../Network;
			sourceTree = "<group>";
		};
		B47258591FE14AF600E8B77E /* NetworkStatusManager */ = {
			isa = PBXGroup;
			children = (
				B472588A1FE14AF600E8B77E /* NetWorkStatusManagerDefination.h */,
				B47258601FE14AF600E8B77E /* NetWorkStatusManagerDefination.m */,
				B472588B1FE14AF600E8B77E /* NetWorkStatusManager.h */,
				B47258611FE14AF600E8B77E /* NetWorkStatusManager.m */,
				B472585A1FE14AF600E8B77E /* WIFI */,
				B472585D1FE14AF600E8B77E /* Interface */,
				B47258621FE14AF600E8B77E /* IMSI */,
			);
			path = NetworkStatusManager;
			sourceTree = "<group>";
		};
		B472585A1FE14AF600E8B77E /* WIFI */ = {
			isa = PBXGroup;
			children = (
				B472585B1FE14AF600E8B77E /* WiFi.h */,
				B472585C1FE14AF600E8B77E /* WiFi.m */,
			);
			path = WIFI;
			sourceTree = "<group>";
		};
		B472585D1FE14AF600E8B77E /* Interface */ = {
			isa = PBXGroup;
			children = (
				B472585E1FE14AF600E8B77E /* Addr_Interface.h */,
				B472585F1FE14AF600E8B77E /* Addr_Interface.m */,
			);
			path = Interface;
			sourceTree = "<group>";
		};
		B47258621FE14AF600E8B77E /* IMSI */ = {
			isa = PBXGroup;
			children = (
				B47258631FE14AF600E8B77E /* libxml2 */,
				B47258891FE14AF600E8B77E /* IMSI.h */,
				B47258861FE14AF600E8B77E /* IMSI.m */,
				B47258871FE14AF600E8B77E /* IMSIManager.h */,
				B47258851FE14AF600E8B77E /* IMSIManager.m */,
				B47258881FE14AF600E8B77E /* IMSIXMLParser.h */,
				B47258841FE14AF600E8B77E /* IMSIXMLParser.m */,
			);
			path = IMSI;
			sourceTree = "<group>";
		};
		B47258631FE14AF600E8B77E /* libxml2 */ = {
			isa = PBXGroup;
			children = (
				B47258641FE14AF600E8B77E /* Example */,
				B47258831FE14AF600E8B77E /* libxmlParser.h */,
				B47258811FE14AF600E8B77E /* libxmlParser.m */,
				B47258821FE14AF600E8B77E /* libxml.html */,
			);
			path = libxml2;
			sourceTree = "<group>";
		};
		B47258641FE14AF600E8B77E /* Example */ = {
			isa = PBXGroup;
			children = (
				B47258671FE14AF600E8B77E /* xml_src */,
				B472587B1FE14AF600E8B77E /* io1.c */,
				B472587F1FE14AF600E8B77E /* io2.c */,
				B472587A1FE14AF600E8B77E /* tree2.c */,
				B472587E1FE14AF600E8B77E /* tree1.c */,
				B47258751FE14AF600E8B77E /* reader1.c */,
				B47258651FE14AF600E8B77E /* reader2.c */,
				B472587C1FE14AF600E8B77E /* reader3.c */,
				B47258791FE14AF600E8B77E /* reader4.c */,
				B47258661FE14AF600E8B77E /* parse1.c */,
				B47258741FE14AF600E8B77E /* parse2.c */,
				B47258781FE14AF600E8B77E /* parse3.c */,
				B472587D1FE14AF600E8B77E /* parse4.c */,
				B47258761FE14AF600E8B77E /* xpath1.c */,
				B47258731FE14AF600E8B77E /* xpath2.c */,
				B47258801FE14AF600E8B77E /* testWriter.c */,
				B47258771FE14AF600E8B77E /* readme.md */,
			);
			path = Example;
			sourceTree = "<group>";
		};
		B47258671FE14AF600E8B77E /* xml_src */ = {
			isa = PBXGroup;
			children = (
				B47258721FE14AF600E8B77E /* CreateXmlFile.cpp */,
				B47258681FE14AF600E8B77E /* CreateXmlFile_cn.cpp */,
				B472586D1FE14AF600E8B77E /* ChangeXmlFile.cpp */,
				B47258711FE14AF600E8B77E /* ParseXmlFile.cpp */,
				B47258691FE14AF600E8B77E /* XPathForXmlFile.cpp */,
				B472586B1FE14AF600E8B77E /* wxb_codeConv.c */,
				B472586A1FE14AF600E8B77E /* MAKEFILE */,
				B47258701FE14AF600E8B77E /* 1.xml */,
				B472586E1FE14AF600E8B77E /* CreatedXml.xml */,
				B472586C1FE14AF600E8B77E /* CreatedXml_cn.xml */,
				B472586F1FE14AF600E8B77E /* ChangedXml.xml */,
			);
			path = xml_src;
			sourceTree = "<group>";
		};
		B47259061FE14C2400E8B77E /* Frameworks */ = {
			isa = PBXGroup;
			children = (
				B472590D1FE14CE500E8B77E /* libiconv.tbd */,
				B472590B1FE14C8000E8B77E /* libxml2.tbd */,
			);
			name = Frameworks;
			sourceTree = "<group>";
		};
/* End PBXGroup section */

/* Begin PBXNativeTarget section */
		B47258461FE14A6700E8B77E /* Test_Mac */ = {
			isa = PBXNativeTarget;
			buildConfigurationList = B472584E1FE14A6700E8B77E /* Build configuration list for PBXNativeTarget "Test_Mac" */;
			buildPhases = (
				B47258431FE14A6700E8B77E /* Sources */,
				B47258441FE14A6700E8B77E /* Frameworks */,
				B47258451FE14A6700E8B77E /* CopyFiles */,
			);
			buildRules = (
			);
			dependencies = (
			);
			name = Test_Mac;
			productName = Test_Mac;
			productReference = B47258471FE14A6700E8B77E /* Test_Mac */;
			productType = "com.apple.product-type.tool";
		};
/* End PBXNativeTarget section */

/* Begin PBXProject section */
		B472583F1FE14A6700E8B77E /* Project object */ = {
			isa = PBXProject;
			attributes = {
				LastUpgradeCheck = 0920;
				ORGANIZATIONNAME = Bluelich;
				TargetAttributes = {
					B47258461FE14A6700E8B77E = {
						CreatedOnToolsVersion = 9.2;
						ProvisioningStyle = Automatic;
					};
				};
			};
			buildConfigurationList = B47258421FE14A6700E8B77E /* Build configuration list for PBXProject "Test_Mac" */;
			compatibilityVersion = "Xcode 8.0";
			developmentRegion = en;
			hasScannedForEncodings = 0;
			knownRegions = (
				en,
			);
			mainGroup = B472583E1FE14A6700E8B77E;
			productRefGroup = B47258481FE14A6700E8B77E /* Products */;
			projectDirPath = "";
			projectRoot = "";
			targets = (
				B47258461FE14A6700E8B77E /* Test_Mac */,
			);
		};
/* End PBXProject section */

/* Begin PBXSourcesBuildPhase section */
		B47258431FE14A6700E8B77E /* Sources */ = {
			isa = PBXSourcesBuildPhase;
			buildActionMask = 2147483647;
			files = (
				B472588D1FE14AF600E8B77E /* WiFi.m in Sources */,
				B47258A61FE14AF600E8B77E /* libxmlParser.m in Sources */,
				B47258AA1FE14AF600E8B77E /* Test.m in Sources */,
				B47258A71FE14AF600E8B77E /* IMSIXMLParser.m in Sources */,
				B47258A81FE14AF600E8B77E /* IMSIManager.m in Sources */,
				B472588E1FE14AF600E8B77E /* Addr_Interface.m in Sources */,
				B47258A91FE14AF600E8B77E /* IMSI.m in Sources */,
				B472588F1FE14AF600E8B77E /* NetWorkStatusManagerDefination.m in Sources */,
				B47258901FE14AF600E8B77E /* NetWorkStatusManager.m in Sources */,
				B472584B1FE14A6700E8B77E /* main.m in Sources */,
			);
			runOnlyForDeploymentPostprocessing = 0;
		};
/* End PBXSourcesBuildPhase section */

/* Begin XCBuildConfiguration section */
		B472584C1FE14A6700E8B77E /* Debug */ = {
			isa = XCBuildConfiguration;
			buildSettings = {
				ALWAYS_SEARCH_USER_PATHS = NO;
				CLANG_ANALYZER_NONNULL = YES;
				CLANG_ANALYZER_NUMBER_OBJECT_CONVERSION = YES_AGGRESSIVE;
				CLANG_CXX_LANGUAGE_STANDARD = "gnu++14";
				CLANG_CXX_LIBRARY = "libc++";
				CLANG_ENABLE_MODULES = YES;
				CLANG_ENABLE_OBJC_ARC = YES;
				CLANG_WARN_BLOCK_CAPTURE_AUTORELEASING = YES;
				CLANG_WARN_BOOL_CONVERSION = YES;
				CLANG_WARN_COMMA = YES;
				CLANG_WARN_CONSTANT_CONVERSION = YES;
				CLANG_WARN_DIRECT_OBJC_ISA_USAGE = YES_ERROR;
				CLANG_WARN_DOCUMENTATION_COMMENTS = YES;
				CLANG_WARN_EMPTY_BODY = YES;
				CLANG_WARN_ENUM_CONVERSION = YES;
				CLANG_WARN_INFINITE_RECURSION = YES;
				CLANG_WARN_INT_CONVERSION = YES;
				CLANG_WARN_NON_LITERAL_NULL_CONVERSION = YES;
				CLANG_WARN_OBJC_LITERAL_CONVERSION = YES;
				CLANG_WARN_OBJC_ROOT_CLASS = YES_ERROR;
				CLANG_WARN_RANGE_LOOP_ANALYSIS = YES;
				CLANG_WARN_STRICT_PROTOTYPES = YES;
				CLANG_WARN_SUSPICIOUS_MOVE = YES;
				CLANG_WARN_UNGUARDED_AVAILABILITY = YES_AGGRESSIVE;
				CLANG_WARN_UNREACHABLE_CODE = YES;
				CLANG_WARN__DUPLICATE_METHOD_MATCH = YES;
				CODE_SIGN_IDENTITY = "-";
				COPY_PHASE_STRIP = NO;
				DEBUG_INFORMATION_FORMAT = dwarf;
				ENABLE_STRICT_OBJC_MSGSEND = YES;
				ENABLE_TESTABILITY = YES;
				GCC_C_LANGUAGE_STANDARD = gnu11;
				GCC_DYNAMIC_NO_PIC = NO;
				GCC_NO_COMMON_BLOCKS = YES;
				GCC_OPTIMIZATION_LEVEL = 0;
				GCC_PREPROCESSOR_DEFINITIONS = (
					"DEBUG=1",
					"$(inherited)",
				);
				GCC_WARN_64_TO_32_BIT_CONVERSION = YES;
				GCC_WARN_ABOUT_RETURN_TYPE = YES_ERROR;
				GCC_WARN_UNDECLARED_SELECTOR = YES;
				GCC_WARN_UNINITIALIZED_AUTOS = YES_AGGRESSIVE;
				GCC_WARN_UNUSED_FUNCTION = YES;
				GCC_WARN_UNUSED_VARIABLE = YES;
				MACOSX_DEPLOYMENT_TARGET = 10.13;
				MTL_ENABLE_DEBUG_INFO = YES;
				ONLY_ACTIVE_ARCH = YES;
				SDKROOT = macosx;
			};
			name = Debug;
		};
		B472584D1FE14A6700E8B77E /* Release */ = {
			isa = XCBuildConfiguration;
			buildSettings = {
				ALWAYS_SEARCH_USER_PATHS = NO;
				CLANG_ANALYZER_NONNULL = YES;
				CLANG_ANALYZER_NUMBER_OBJECT_CONVERSION = YES_AGGRESSIVE;
				CLANG_CXX_LANGUAGE_STANDARD = "gnu++14";
				CLANG_CXX_LIBRARY = "libc++";
				CLANG_ENABLE_MODULES = YES;
				CLANG_ENABLE_OBJC_ARC = YES;
				CLANG_WARN_BLOCK_CAPTURE_AUTORELEASING = YES;
				CLANG_WARN_BOOL_CONVERSION = YES;
				CLANG_WARN_COMMA = YES;
				CLANG_WARN_CONSTANT_CONVERSION = YES;
				CLANG_WARN_DIRECT_OBJC_ISA_USAGE = YES_ERROR;
				CLANG_WARN_DOCUMENTATION_COMMENTS = YES;
				CLANG_WARN_EMPTY_BODY = YES;
				CLANG_WARN_ENUM_CONVERSION = YES;
				CLANG_WARN_INFINITE_RECURSION = YES;
				CLANG_WARN_INT_CONVERSION = YES;
				CLANG_WARN_NON_LITERAL_NULL_CONVERSION = YES;
				CLANG_WARN_OBJC_LITERAL_CONVERSION = YES;
				CLANG_WARN_OBJC_ROOT_CLASS = YES_ERROR;
				CLANG_WARN_RANGE_LOOP_ANALYSIS = YES;
				CLANG_WARN_STRICT_PROTOTYPES = YES;
				CLANG_WARN_SUSPICIOUS_MOVE = YES;
				CLANG_WARN_UNGUARDED_AVAILABILITY = YES_AGGRESSIVE;
				CLANG_WARN_UNREACHABLE_CODE = YES;
				CLANG_WARN__DUPLICATE_METHOD_MATCH = YES;
				CODE_SIGN_IDENTITY = "-";
				COPY_PHASE_STRIP = NO;
				DEBUG_INFORMATION_FORMAT = "dwarf-with-dsym";
				ENABLE_NS_ASSERTIONS = NO;
				ENABLE_STRICT_OBJC_MSGSEND = YES;
				GCC_C_LANGUAGE_STANDARD = gnu11;
				GCC_NO_COMMON_BLOCKS = YES;
				GCC_WARN_64_TO_32_BIT_CONVERSION = YES;
				GCC_WARN_ABOUT_RETURN_TYPE = YES_ERROR;
				GCC_WARN_UNDECLARED_SELECTOR = YES;
				GCC_WARN_UNINITIALIZED_AUTOS = YES_AGGRESSIVE;
				GCC_WARN_UNUSED_FUNCTION = YES;
				GCC_WARN_UNUSED_VARIABLE = YES;
				MACOSX_DEPLOYMENT_TARGET = 10.13;
				MTL_ENABLE_DEBUG_INFO = NO;
				SDKROOT = macosx;
			};
			name = Release;
		};
		B472584F1FE14A6700E8B77E /* Debug */ = {
			isa = XCBuildConfiguration;
			buildSettings = {
				CODE_SIGN_STYLE = Automatic;
				HEADER_SEARCH_PATHS = /usr/include/libxml2/;
				PRODUCT_NAME = "$(TARGET_NAME)";
			};
			name = Debug;
		};
		B47258501FE14A6700E8B77E /* Release */ = {
			isa = XCBuildConfiguration;
			buildSettings = {
				CODE_SIGN_STYLE = Automatic;
				HEADER_SEARCH_PATHS = /usr/include/libxml2/;
				PRODUCT_NAME = "$(TARGET_NAME)";
			};
			name = Release;
		};
/* End XCBuildConfiguration section */

/* Begin XCConfigurationList section */
		B47258421FE14A6700E8B77E /* Build configuration list for PBXProject "Test_Mac" */ = {
			isa = XCConfigurationList;
			buildConfigurations = (
				B472584C1FE14A6700E8B77E /* Debug */,
				B472584D1FE14A6700E8B77E /* Release */,
			);
			defaultConfigurationIsVisible = 0;
			defaultConfigurationName = Release;
		};
		B472584E1FE14A6700E8B77E /* Build configuration list for PBXNativeTarget "Test_Mac" */ = {
			isa = XCConfigurationList;
			buildConfigurations = (
				B472584F1FE14A6700E8B77E /* Debug */,
				B47258501FE14A6700E8B77E /* Release */,
			);
			defaultConfigurationIsVisible = 0;
			defaultConfigurationName = Release;
		};
/* End XCConfigurationList section */
	};
	rootObject = B472583F1FE14A6700E8B77E /* Project object */;
}
