// !$*UTF8*$!
{
	archiveVersion = 1;
	classes = {
	};
	objectVersion = 48;
	objects = {

/* Begin PBXBuildFile section */
		B4FA12B61FE267E20089A96A /* AppDelegate.m in Sources */ = {isa = PBXBuildFile; fileRef = B4FA12B51FE267E20089A96A /* AppDelegate.m */; };
		B4FA12B91FE267E20089A96A /* ViewController.m in Sources */ = {isa = PBXBuildFile; fileRef = B4FA12B81FE267E20089A96A /* ViewController.m */; };
		B4FA12BC1FE267E20089A96A /* Main.storyboard in Resources */ = {isa = PBXBuildFile; fileRef = B4FA12BA1FE267E20089A96A /* Main.storyboard */; };
		B4FA12BE1FE267E20089A96A /* Assets.xcassets in Resources */ = {isa = PBXBuildFile; fileRef = B4FA12BD1FE267E20089A96A /* Assets.xcassets */; };
		B4FA12C11FE267E20089A96A /* LaunchScreen.storyboard in Resources */ = {isa = PBXBuildFile; fileRef = B4FA12BF1FE267E20089A96A /* LaunchScreen.storyboard */; };
		B4FA12C41FE267E20089A96A /* main.m in Sources */ = {isa = PBXBuildFile; fileRef = B4FA12C31FE267E20089A96A /* main.m */; };
		B4FA12DD1FE267F50089A96A /* main.m in Sources */ = {isa = PBXBuildFile; fileRef = B4FA12DC1FE267F50089A96A /* main.m */; };
		B4FA12E41FE268500089A96A /* Test.m in Sources */ = {isa = PBXBuildFile; fileRef = B4FA12E21FE268500089A96A /* Test.m */; };
		B4FA12E51FE268500089A96A /* Test.m in Sources */ = {isa = PBXBuildFile; fileRef = B4FA12E21FE268500089A96A /* Test.m */; };
		B4FA12F71FE26A560089A96A /* IMSI.m in Sources */ = {isa = PBXBuildFile; fileRef = B4FA12F61FE26A560089A96A /* IMSI.m */; };
		B4FA12F81FE26A560089A96A /* IMSI.m in Sources */ = {isa = PBXBuildFile; fileRef = B4FA12F61FE26A560089A96A /* IMSI.m */; };
		B4FA12FC1FE26A9B0089A96A /* IMSIManager.m in Sources */ = {isa = PBXBuildFile; fileRef = B4FA12FB1FE26A9B0089A96A /* IMSIManager.m */; };
		B4FA12FD1FE26A9B0089A96A /* IMSIManager.m in Sources */ = {isa = PBXBuildFile; fileRef = B4FA12FB1FE26A9B0089A96A /* IMSIManager.m */; };
		B4FA13001FE26AE50089A96A /* IMSIXMLParser.m in Sources */ = {isa = PBXBuildFile; fileRef = B4FA12FF1FE26AE50089A96A /* IMSIXMLParser.m */; };
		B4FA13011FE26AE50089A96A /* IMSIXMLParser.m in Sources */ = {isa = PBXBuildFile; fileRef = B4FA12FF1FE26AE50089A96A /* IMSIXMLParser.m */; };
		B4FA132B1FE26B260089A96A /* MAKEFILE in Resources */ = {isa = PBXBuildFile; fileRef = B4FA13091FE26B260089A96A /* MAKEFILE */; };
		B4FA132E1FE26B260089A96A /* CreatedXml_cn.xml in Resources */ = {isa = PBXBuildFile; fileRef = B4FA130B1FE26B260089A96A /* CreatedXml_cn.xml */; };
		B4FA13311FE26B260089A96A /* CreatedXml.xml in Resources */ = {isa = PBXBuildFile; fileRef = B4FA130D1FE26B260089A96A /* CreatedXml.xml */; };
		B4FA13321FE26B260089A96A /* ChangedXml.xml in Resources */ = {isa = PBXBuildFile; fileRef = B4FA130E1FE26B260089A96A /* ChangedXml.xml */; };
		B4FA13331FE26B260089A96A /* 1.xml in Resources */ = {isa = PBXBuildFile; fileRef = B4FA130F1FE26B260089A96A /* 1.xml */; };
		B4FA13401FE26B260089A96A /* readme.md in Resources */ = {isa = PBXBuildFile; fileRef = B4FA13161FE26B260089A96A /* readme.md */; };
		B4FA13551FE26B260089A96A /* libxml.html in Resources */ = {isa = PBXBuildFile; fileRef = B4FA13211FE26B260089A96A /* libxml.html */; };
		B4FA13591FE26BD50089A96A /* Addr_Interface.m in Sources */ = {isa = PBXBuildFile; fileRef = B4FA13581FE26BD50089A96A /* Addr_Interface.m */; };
		B4FA135A1FE26BD50089A96A /* Addr_Interface.m in Sources */ = {isa = PBXBuildFile; fileRef = B4FA13581FE26BD50089A96A /* Addr_Interface.m */; };
		B4FA135D1FE26C010089A96A /* Reachability.m in Sources */ = {isa = PBXBuildFile; fileRef = B4FA135C1FE26C010089A96A /* Reachability.m */; };
		B4FA135E1FE26C010089A96A /* Reachability.m in Sources */ = {isa = PBXBuildFile; fileRef = B4FA135C1FE26C010089A96A /* Reachability.m */; };
		B4FA13621FE26C2B0089A96A /* Ping.m in Sources */ = {isa = PBXBuildFile; fileRef = B4FA13611FE26C2B0089A96A /* Ping.m */; };
		B4FA13631FE26C2B0089A96A /* Ping.m in Sources */ = {isa = PBXBuildFile; fileRef = B4FA13611FE26C2B0089A96A /* Ping.m */; };
		B4FA13661FE26C440089A96A /* ReachabilityDefination.m in Sources */ = {isa = PBXBuildFile; fileRef = B4FA13651FE26C440089A96A /* ReachabilityDefination.m */; };
		B4FA13671FE26C440089A96A /* ReachabilityDefination.m in Sources */ = {isa = PBXBuildFile; fileRef = B4FA13651FE26C440089A96A /* ReachabilityDefination.m */; };
		B4FA136A1FE26D430089A96A /* WiFi.m in Sources */ = {isa = PBXBuildFile; fileRef = B4FA13691FE26D430089A96A /* WiFi.m */; };
		B4FA136B1FE26D430089A96A /* WiFi.m in Sources */ = {isa = PBXBuildFile; fileRef = B4FA13691FE26D430089A96A /* WiFi.m */; };
		B4FA136E1FE26D8C0089A96A /* libxml2.tbd in Frameworks */ = {isa = PBXBuildFile; fileRef = B4FA136D1FE26D8C0089A96A /* libxml2.tbd */; };
		B4FA13701FE26D910089A96A /* libiconv.tbd in Frameworks */ = {isa = PBXBuildFile; fileRef = B4FA136F1FE26D910089A96A /* libiconv.tbd */; };
		B4FA13721FE26DA20089A96A /* libiconv.tbd in Frameworks */ = {isa = PBXBuildFile; fileRef = B4FA13711FE26DA20089A96A /* libiconv.tbd */; };
		B4FA13741FE26DA90089A96A /* libxml2.tbd in Frameworks */ = {isa = PBXBuildFile; fileRef = B4FA13731FE26DA90089A96A /* libxml2.tbd */; };
		B4FA13751FE26E100089A96A /* libxmlParser.m in Sources */ = {isa = PBXBuildFile; fileRef = B4FA13201FE26B260089A96A /* libxmlParser.m */; };
		B4FA13761FE26E100089A96A /* libxmlParser.m in Sources */ = {isa = PBXBuildFile; fileRef = B4FA13201FE26B260089A96A /* libxmlParser.m */; };
		B4FA13781FE26E830089A96A /* README.md in Resources */ = {isa = PBXBuildFile; fileRef = B4FA13771FE26E830089A96A /* README.md */; };
/* End PBXBuildFile section */

/* Begin PBXCopyFilesBuildPhase section */
		B4FA12D81FE267F50089A96A /* CopyFiles */ = {
			isa = PBXCopyFilesBuildPhase;
			buildActionMask = 2147483647;
			dstPath = /usr/share/man/man1/;
			dstSubfolderSpec = 0;
			files = (
			);
			runOnlyForDeploymentPostprocessing = 1;
		};
/* End PBXCopyFilesBuildPhase section */

/* Begin PBXFileReference section */
		B4FA12B11FE267E20089A96A /* Network_iOS.app */ = {isa = PBXFileReference; explicitFileType = wrapper.application; includeInIndex = 0; path = Network_iOS.app; sourceTree = BUILT_PRODUCTS_DIR; };
		B4FA12B41FE267E20089A96A /* AppDelegate.h */ = {isa = PBXFileReference; lastKnownFileType = sourcecode.c.h; path = AppDelegate.h; sourceTree = "<group>"; };
		B4FA12B51FE267E20089A96A /* AppDelegate.m */ = {isa = PBXFileReference; lastKnownFileType = sourcecode.c.objc; path = AppDelegate.m; sourceTree = "<group>"; };
		B4FA12B71FE267E20089A96A /* ViewController.h */ = {isa = PBXFileReference; lastKnownFileType = sourcecode.c.h; path = ViewController.h; sourceTree = "<group>"; };
		B4FA12B81FE267E20089A96A /* ViewController.m */ = {isa = PBXFileReference; lastKnownFileType = sourcecode.c.objc; path = ViewController.m; sourceTree = "<group>"; };
		B4FA12BB1FE267E20089A96A /* Base */ = {isa = PBXFileReference; lastKnownFileType = file.storyboard; name = Base; path = Base.lproj/Main.storyboard; sourceTree = "<group>"; };
		B4FA12BD1FE267E20089A96A /* Assets.xcassets */ = {isa = PBXFileReference; lastKnownFileType = folder.assetcatalog; path = Assets.xcassets; sourceTree = "<group>"; };
		B4FA12C01FE267E20089A96A /* Base */ = {isa = PBXFileReference; lastKnownFileType = file.storyboard; name = Base; path = Base.lproj/LaunchScreen.storyboard; sourceTree = "<group>"; };
		B4FA12C21FE267E20089A96A /* Info.plist */ = {isa = PBXFileReference; lastKnownFileType = text.plist.xml; path = Info.plist; sourceTree = "<group>"; };
		B4FA12C31FE267E20089A96A /* main.m */ = {isa = PBXFileReference; lastKnownFileType = sourcecode.c.objc; path = main.m; sourceTree = "<group>"; };
		B4FA12DA1FE267F50089A96A /* Network_Mac */ = {isa = PBXFileReference; explicitFileType = "compiled.mach-o.executable"; includeInIndex = 0; path = Network_Mac; sourceTree = BUILT_PRODUCTS_DIR; };
		B4FA12DC1FE267F50089A96A /* main.m */ = {isa = PBXFileReference; lastKnownFileType = sourcecode.c.objc; path = main.m; sourceTree = "<group>"; };
		B4FA12E21FE268500089A96A /* Test.m */ = {isa = PBXFileReference; fileEncoding = 4; lastKnownFileType = sourcecode.c.objc; path = Test.m; sourceTree = "<group>"; };
		B4FA12E31FE268500089A96A /* Test.h */ = {isa = PBXFileReference; fileEncoding = 4; lastKnownFileType = sourcecode.c.h; path = Test.h; sourceTree = "<group>"; };
		B4FA12F51FE26A560089A96A /* IMSI.h */ = {isa = PBXFileReference; lastKnownFileType = sourcecode.c.h; path = IMSI.h; sourceTree = "<group>"; };
		B4FA12F61FE26A560089A96A /* IMSI.m */ = {isa = PBXFileReference; lastKnownFileType = sourcecode.c.objc; path = IMSI.m; sourceTree = "<group>"; };
		B4FA12FA1FE26A9B0089A96A /* IMSIManager.h */ = {isa = PBXFileReference; lastKnownFileType = sourcecode.c.h; path = IMSIManager.h; sourceTree = "<group>"; };
		B4FA12FB1FE26A9B0089A96A /* IMSIManager.m */ = {isa = PBXFileReference; lastKnownFileType = sourcecode.c.objc; path = IMSIManager.m; sourceTree = "<group>"; };
		B4FA12FE1FE26AE50089A96A /* IMSIXMLParser.h */ = {isa = PBXFileReference; lastKnownFileType = sourcecode.c.h; path = IMSIXMLParser.h; sourceTree = "<group>"; };
		B4FA12FF1FE26AE50089A96A /* IMSIXMLParser.m */ = {isa = PBXFileReference; lastKnownFileType = sourcecode.c.objc; path = IMSIXMLParser.m; sourceTree = "<group>"; };
		B4FA13041FE26B260089A96A /* reader2.c */ = {isa = PBXFileReference; fileEncoding = 4; lastKnownFileType = sourcecode.c.c; path = reader2.c; sourceTree = "<group>"; };
		B4FA13051FE26B260089A96A /* parse1.c */ = {isa = PBXFileReference; fileEncoding = 4; lastKnownFileType = sourcecode.c.c; path = parse1.c; sourceTree = "<group>"; };
		B4FA13071FE26B260089A96A /* CreateXmlFile_cn.cpp */ = {isa = PBXFileReference; fileEncoding = 4; lastKnownFileType = sourcecode.cpp.cpp; path = CreateXmlFile_cn.cpp; sourceTree = "<group>"; };
		B4FA13081FE26B260089A96A /* XPathForXmlFile.cpp */ = {isa = PBXFileReference; fileEncoding = 4; lastKnownFileType = sourcecode.cpp.cpp; path = XPathForXmlFile.cpp; sourceTree = "<group>"; };
		B4FA13091FE26B260089A96A /* MAKEFILE */ = {isa = PBXFileReference; fileEncoding = 4; lastKnownFileType = text; path = MAKEFILE; sourceTree = "<group>"; };
		B4FA130A1FE26B260089A96A /* wxb_codeConv.c */ = {isa = PBXFileReference; fileEncoding = 4; lastKnownFileType = sourcecode.c.c; path = wxb_codeConv.c; sourceTree = "<group>"; };
		B4FA130B1FE26B260089A96A /* CreatedXml_cn.xml */ = {isa = PBXFileReference; fileEncoding = 4; lastKnownFileType = text.xml; path = CreatedXml_cn.xml; sourceTree = "<group>"; };
		B4FA130C1FE26B260089A96A /* ChangeXmlFile.cpp */ = {isa = PBXFileReference; fileEncoding = 4; lastKnownFileType = sourcecode.cpp.cpp; path = ChangeXmlFile.cpp; sourceTree = "<group>"; };
		B4FA130D1FE26B260089A96A /* CreatedXml.xml */ = {isa = PBXFileReference; fileEncoding = 4; lastKnownFileType = text.xml; path = CreatedXml.xml; sourceTree = "<group>"; };
		B4FA130E1FE26B260089A96A /* ChangedXml.xml */ = {isa = PBXFileReference; fileEncoding = 4; lastKnownFileType = text.xml; path = ChangedXml.xml; sourceTree = "<group>"; };
		B4FA130F1FE26B260089A96A /* 1.xml */ = {isa = PBXFileReference; fileEncoding = 4; lastKnownFileType = text.xml; path = 1.xml; sourceTree = "<group>"; };
		B4FA13101FE26B260089A96A /* ParseXmlFile.cpp */ = {isa = PBXFileReference; fileEncoding = 4; lastKnownFileType = sourcecode.cpp.cpp; path = ParseXmlFile.cpp; sourceTree = "<group>"; };
		B4FA13111FE26B260089A96A /* CreateXmlFile.cpp */ = {isa = PBXFileReference; fileEncoding = 4; lastKnownFileType = sourcecode.cpp.cpp; path = CreateXmlFile.cpp; sourceTree = "<group>"; };
		B4FA13121FE26B260089A96A /* xpath2.c */ = {isa = PBXFileReference; fileEncoding = 4; lastKnownFileType = sourcecode.c.c; path = xpath2.c; sourceTree = "<group>"; };
		B4FA13131FE26B260089A96A /* parse2.c */ = {isa = PBXFileReference; fileEncoding = 4; lastKnownFileType = sourcecode.c.c; path = parse2.c; sourceTree = "<group>"; };
		B4FA13141FE26B260089A96A /* reader1.c */ = {isa = PBXFileReference; fileEncoding = 4; lastKnownFileType = sourcecode.c.c; path = reader1.c; sourceTree = "<group>"; };
		B4FA13151FE26B260089A96A /* xpath1.c */ = {isa = PBXFileReference; fileEncoding = 4; lastKnownFileType = sourcecode.c.c; path = xpath1.c; sourceTree = "<group>"; };
		B4FA13161FE26B260089A96A /* readme.md */ = {isa = PBXFileReference; fileEncoding = 4; lastKnownFileType = net.daringfireball.markdown; path = readme.md; sourceTree = "<group>"; };
		B4FA13171FE26B260089A96A /* parse3.c */ = {isa = PBXFileReference; fileEncoding = 4; lastKnownFileType = sourcecode.c.c; path = parse3.c; sourceTree = "<group>"; };
		B4FA13181FE26B260089A96A /* reader4.c */ = {isa = PBXFileReference; fileEncoding = 4; lastKnownFileType = sourcecode.c.c; path = reader4.c; sourceTree = "<group>"; };
		B4FA13191FE26B260089A96A /* tree2.c */ = {isa = PBXFileReference; fileEncoding = 4; lastKnownFileType = sourcecode.c.c; path = tree2.c; sourceTree = "<group>"; };
		B4FA131A1FE26B260089A96A /* io1.c */ = {isa = PBXFileReference; fileEncoding = 4; lastKnownFileType = sourcecode.c.c; path = io1.c; sourceTree = "<group>"; };
		B4FA131B1FE26B260089A96A /* reader3.c */ = {isa = PBXFileReference; fileEncoding = 4; lastKnownFileType = sourcecode.c.c; path = reader3.c; sourceTree = "<group>"; };
		B4FA131C1FE26B260089A96A /* parse4.c */ = {isa = PBXFileReference; fileEncoding = 4; lastKnownFileType = sourcecode.c.c; path = parse4.c; sourceTree = "<group>"; };
		B4FA131D1FE26B260089A96A /* tree1.c */ = {isa = PBXFileReference; fileEncoding = 4; lastKnownFileType = sourcecode.c.c; path = tree1.c; sourceTree = "<group>"; };
		B4FA131E1FE26B260089A96A /* io2.c */ = {isa = PBXFileReference; fileEncoding = 4; lastKnownFileType = sourcecode.c.c; path = io2.c; sourceTree = "<group>"; };
		B4FA131F1FE26B260089A96A /* testWriter.c */ = {isa = PBXFileReference; fileEncoding = 4; lastKnownFileType = sourcecode.c.c; path = testWriter.c; sourceTree = "<group>"; };
		B4FA13201FE26B260089A96A /* libxmlParser.m */ = {isa = PBXFileReference; fileEncoding = 4; lastKnownFileType = sourcecode.c.objc; path = libxmlParser.m; sourceTree = "<group>"; };
		B4FA13211FE26B260089A96A /* libxml.html */ = {isa = PBXFileReference; fileEncoding = 4; lastKnownFileType = text.html; path = libxml.html; sourceTree = "<group>"; };
		B4FA13221FE26B260089A96A /* libxmlParser.h */ = {isa = PBXFileReference; fileEncoding = 4; lastKnownFileType = sourcecode.c.h; path = libxmlParser.h; sourceTree = "<group>"; };
		B4FA13571FE26BD50089A96A /* Addr_Interface.h */ = {isa = PBXFileReference; lastKnownFileType = sourcecode.c.h; path = Addr_Interface.h; sourceTree = "<group>"; };
		B4FA13581FE26BD50089A96A /* Addr_Interface.m */ = {isa = PBXFileReference; lastKnownFileType = sourcecode.c.objc; path = Addr_Interface.m; sourceTree = "<group>"; };
		B4FA135B1FE26C010089A96A /* Reachability.h */ = {isa = PBXFileReference; lastKnownFileType = sourcecode.c.h; path = Reachability.h; sourceTree = "<group>"; };
		B4FA135C1FE26C010089A96A /* Reachability.m */ = {isa = PBXFileReference; lastKnownFileType = sourcecode.c.objc; path = Reachability.m; sourceTree = "<group>"; };
		B4FA13601FE26C2B0089A96A /* Ping.h */ = {isa = PBXFileReference; lastKnownFileType = sourcecode.c.h; path = Ping.h; sourceTree = "<group>"; };
		B4FA13611FE26C2B0089A96A /* Ping.m */ = {isa = PBXFileReference; lastKnownFileType = sourcecode.c.objc; path = Ping.m; sourceTree = "<group>"; };
		B4FA13641FE26C440089A96A /* ReachabilityDefination.h */ = {isa = PBXFileReference; lastKnownFileType = sourcecode.c.h; path = ReachabilityDefination.h; sourceTree = "<group>"; };
		B4FA13651FE26C440089A96A /* ReachabilityDefination.m */ = {isa = PBXFileReference; lastKnownFileType = sourcecode.c.objc; path = ReachabilityDefination.m; sourceTree = "<group>"; };
		B4FA13681FE26D430089A96A /* WiFi.h */ = {isa = PBXFileReference; lastKnownFileType = sourcecode.c.h; path = WiFi.h; sourceTree = "<group>"; };
		B4FA13691FE26D430089A96A /* WiFi.m */ = {isa = PBXFileReference; lastKnownFileType = sourcecode.c.objc; path = WiFi.m; sourceTree = "<group>"; };
		B4FA136D1FE26D8C0089A96A /* libxml2.tbd */ = {isa = PBXFileReference; lastKnownFileType = "sourcecode.text-based-dylib-definition"; name = libxml2.tbd; path = Platforms/iPhoneOS.platform/Developer/SDKs/iPhoneOS11.2.sdk/usr/lib/libxml2.tbd; sourceTree = DEVELOPER_DIR; };
		B4FA136F1FE26D910089A96A /* libiconv.tbd */ = {isa = PBXFileReference; lastKnownFileType = "sourcecode.text-based-dylib-definition"; name = libiconv.tbd; path = Platforms/iPhoneOS.platform/Developer/SDKs/iPhoneOS11.2.sdk/usr/lib/libiconv.tbd; sourceTree = DEVELOPER_DIR; };
		B4FA13711FE26DA20089A96A /* libiconv.tbd */ = {isa = PBXFileReference; lastKnownFileType = "sourcecode.text-based-dylib-definition"; name = libiconv.tbd; path = usr/lib/libiconv.tbd; sourceTree = SDKROOT; };
		B4FA13731FE26DA90089A96A /* libxml2.tbd */ = {isa = PBXFileReference; lastKnownFileType = "sourcecode.text-based-dylib-definition"; name = libxml2.tbd; path = usr/lib/libxml2.tbd; sourceTree = SDKROOT; };
		B4FA13771FE26E830089A96A /* README.md */ = {isa = PBXFileReference; fileEncoding = 4; lastKnownFileType = net.daringfireball.markdown; path = README.md; sourceTree = "<group>"; };
/* End PBXFileReference section */

/* Begin PBXFrameworksBuildPhase section */
		B4FA12AE1FE267E20089A96A /* Frameworks */ = {
			isa = PBXFrameworksBuildPhase;
			buildActionMask = 2147483647;
			files = (
				B4FA136E1FE26D8C0089A96A /* libxml2.tbd in Frameworks */,
				B4FA13701FE26D910089A96A /* libiconv.tbd in Frameworks */,
			);
			runOnlyForDeploymentPostprocessing = 0;
		};
		B4FA12D71FE267F50089A96A /* Frameworks */ = {
			isa = PBXFrameworksBuildPhase;
			buildActionMask = 2147483647;
			files = (
				B4FA13741FE26DA90089A96A /* libxml2.tbd in Frameworks */,
				B4FA13721FE26DA20089A96A /* libiconv.tbd in Frameworks */,
			);
			runOnlyForDeploymentPostprocessing = 0;
		};
/* End PBXFrameworksBuildPhase section */

/* Begin PBXGroup section */
		B4FA12A61FE267B60089A96A = {
			isa = PBXGroup;
			children = (
				B4FA13771FE26E830089A96A /* README.md */,
				B4FA12F31FE269F40089A96A /* Network */,
				B4FA12E11FE2683D0089A96A /* Test */,
				B4FA12DB1FE267F50089A96A /* Network_Mac */,
				B4FA12B31FE267E20089A96A /* Network_iOS */,
				B4FA12B21FE267E20089A96A /* Products */,
				B4FA136C1FE26D8C0089A96A /* Frameworks */,
			);
			sourceTree = "<group>";
		};
		B4FA12B21FE267E20089A96A /* Products */ = {
			isa = PBXGroup;
			children = (
				B4FA12B11FE267E20089A96A /* Network_iOS.app */,
				B4FA12DA1FE267F50089A96A /* Network_Mac */,
			);
			name = Products;
			sourceTree = "<group>";
		};
		B4FA12B31FE267E20089A96A /* Network_iOS */ = {
			isa = PBXGroup;
			children = (
				B4FA12B41FE267E20089A96A /* AppDelegate.h */,
				B4FA12B51FE267E20089A96A /* AppDelegate.m */,
				B4FA12B71FE267E20089A96A /* ViewController.h */,
				B4FA12B81FE267E20089A96A /* ViewController.m */,
				B4FA12BA1FE267E20089A96A /* Main.storyboard */,
				B4FA12BD1FE267E20089A96A /* Assets.xcassets */,
				B4FA12BF1FE267E20089A96A /* LaunchScreen.storyboard */,
				B4FA12C21FE267E20089A96A /* Info.plist */,
				B4FA12C31FE267E20089A96A /* main.m */,
			);
			path = Network_iOS;
			sourceTree = "<group>";
		};
		B4FA12DB1FE267F50089A96A /* Network_Mac */ = {
			isa = PBXGroup;
			children = (
				B4FA12DC1FE267F50089A96A /* main.m */,
			);
			path = Network_Mac;
			sourceTree = "<group>";
		};
		B4FA12E11FE2683D0089A96A /* Test */ = {
			isa = PBXGroup;
			children = (
				B4FA12E31FE268500089A96A /* Test.h */,
				B4FA12E21FE268500089A96A /* Test.m */,
				B4FA13021FE26B260089A96A /* libxml2 */,
			);
			path = Test;
			sourceTree = "<group>";
		};
		B4FA12E61FE2695F0089A96A /* Reachability */ = {
			isa = PBXGroup;
			children = (
				B4FA135B1FE26C010089A96A /* Reachability.h */,
				B4FA135C1FE26C010089A96A /* Reachability.m */,
				B4FA13641FE26C440089A96A /* ReachabilityDefination.h */,
				B4FA13651FE26C440089A96A /* ReachabilityDefination.m */,
			);
			path = Reachability;
			sourceTree = "<group>";
		};
		B4FA12E71FE269AC0089A96A /* Model */ = {
			isa = PBXGroup;
			children = (
				B4FA12F41FE26A3F0089A96A /* IMSI */,
				B4FA12EE1FE269E90089A96A /* Interface */,
				B4FA12E91FE269D60089A96A /* WIFI */,
			);
			path = Model;
			sourceTree = "<group>";
		};
		B4FA12E81FE269B60089A96A /* Util */ = {
			isa = PBXGroup;
			children = (
				B4FA135F1FE26C210089A96A /* Ping */,
				B4FA12F91FE26A880089A96A /* IMSIManager */,
			);
			path = Util;
			sourceTree = "<group>";
		};
		B4FA12E91FE269D60089A96A /* WIFI */ = {
			isa = PBXGroup;
			children = (
				B4FA13681FE26D430089A96A /* WiFi.h */,
				B4FA13691FE26D430089A96A /* WiFi.m */,
			);
			path = WIFI;
			sourceTree = "<group>";
		};
		B4FA12EE1FE269E90089A96A /* Interface */ = {
			isa = PBXGroup;
			children = (
				B4FA13571FE26BD50089A96A /* Addr_Interface.h */,
				B4FA13581FE26BD50089A96A /* Addr_Interface.m */,
			);
			path = Interface;
			sourceTree = "<group>";
		};
		B4FA12F31FE269F40089A96A /* Network */ = {
			isa = PBXGroup;
			children = (
				B4FA12E61FE2695F0089A96A /* Reachability */,
				B4FA12E81FE269B60089A96A /* Util */,
				B4FA12E71FE269AC0089A96A /* Model */,
			);
			path = Network;
			sourceTree = "<group>";
		};
		B4FA12F41FE26A3F0089A96A /* IMSI */ = {
			isa = PBXGroup;
			children = (
				B4FA12F51FE26A560089A96A /* IMSI.h */,
				B4FA12F61FE26A560089A96A /* IMSI.m */,
			);
			path = IMSI;
			sourceTree = "<group>";
		};
		B4FA12F91FE26A880089A96A /* IMSIManager */ = {
			isa = PBXGroup;
			children = (
				B4FA12FA1FE26A9B0089A96A /* IMSIManager.h */,
				B4FA12FB1FE26A9B0089A96A /* IMSIManager.m */,
				B4FA12FE1FE26AE50089A96A /* IMSIXMLParser.h */,
				B4FA12FF1FE26AE50089A96A /* IMSIXMLParser.m */,
			);
			path = IMSIManager;
			sourceTree = "<group>";
		};
		B4FA13021FE26B260089A96A /* libxml2 */ = {
			isa = PBXGroup;
			children = (
				B4FA13031FE26B260089A96A /* Example */,
				B4FA13221FE26B260089A96A /* libxmlParser.h */,
				B4FA13201FE26B260089A96A /* libxmlParser.m */,
				B4FA13211FE26B260089A96A /* libxml.html */,
			);
			path = libxml2;
			sourceTree = "<group>";
		};
		B4FA13031FE26B260089A96A /* Example */ = {
			isa = PBXGroup;
			children = (
				B4FA13061FE26B260089A96A /* xml_src */,
				B4FA13561FE26B5D0089A96A /* xmlsoft.org */,
			);
			path = Example;
			sourceTree = "<group>";
		};
		B4FA13061FE26B260089A96A /* xml_src */ = {
			isa = PBXGroup;
			children = (
				B4FA13071FE26B260089A96A /* CreateXmlFile_cn.cpp */,
				B4FA13081FE26B260089A96A /* XPathForXmlFile.cpp */,
				B4FA13091FE26B260089A96A /* MAKEFILE */,
				B4FA130A1FE26B260089A96A /* wxb_codeConv.c */,
				B4FA130B1FE26B260089A96A /* CreatedXml_cn.xml */,
				B4FA130C1FE26B260089A96A /* ChangeXmlFile.cpp */,
				B4FA130D1FE26B260089A96A /* CreatedXml.xml */,
				B4FA130E1FE26B260089A96A /* ChangedXml.xml */,
				B4FA130F1FE26B260089A96A /* 1.xml */,
				B4FA13101FE26B260089A96A /* ParseXmlFile.cpp */,
				B4FA13111FE26B260089A96A /* CreateXmlFile.cpp */,
			);
			path = xml_src;
			sourceTree = "<group>";
		};
		B4FA13561FE26B5D0089A96A /* xmlsoft.org */ = {
			isa = PBXGroup;
			children = (
				B4FA13041FE26B260089A96A /* reader2.c */,
				B4FA13051FE26B260089A96A /* parse1.c */,
				B4FA13121FE26B260089A96A /* xpath2.c */,
				B4FA13131FE26B260089A96A /* parse2.c */,
				B4FA13141FE26B260089A96A /* reader1.c */,
				B4FA13151FE26B260089A96A /* xpath1.c */,
				B4FA13161FE26B260089A96A /* readme.md */,
				B4FA13171FE26B260089A96A /* parse3.c */,
				B4FA13181FE26B260089A96A /* reader4.c */,
				B4FA13191FE26B260089A96A /* tree2.c */,
				B4FA131A1FE26B260089A96A /* io1.c */,
				B4FA131B1FE26B260089A96A /* reader3.c */,
				B4FA131C1FE26B260089A96A /* parse4.c */,
				B4FA131D1FE26B260089A96A /* tree1.c */,
				B4FA131E1FE26B260089A96A /* io2.c */,
				B4FA131F1FE26B260089A96A /* testWriter.c */,
			);
			path = xmlsoft.org;
			sourceTree = "<group>";
		};
		B4FA135F1FE26C210089A96A /* Ping */ = {
			isa = PBXGroup;
			children = (
				B4FA13601FE26C2B0089A96A /* Ping.h */,
				B4FA13611FE26C2B0089A96A /* Ping.m */,
			);
			path = Ping;
			sourceTree = "<group>";
		};
		B4FA136C1FE26D8C0089A96A /* Frameworks */ = {
			isa = PBXGroup;
			children = (
				B4FA13731FE26DA90089A96A /* libxml2.tbd */,
				B4FA136F1FE26D910089A96A /* libiconv.tbd */,
				B4FA13711FE26DA20089A96A /* libiconv.tbd */,
				B4FA136D1FE26D8C0089A96A /* libxml2.tbd */,
			);
			name = Frameworks;
			sourceTree = "<group>";
		};
/* End PBXGroup section */

/* Begin PBXNativeTarget section */
		B4FA12B01FE267E20089A96A /* Network_iOS */ = {
			isa = PBXNativeTarget;
			buildConfigurationList = B4FA12D01FE267E30089A96A /* Build configuration list for PBXNativeTarget "Network_iOS" */;
			buildPhases = (
				B4FA12AD1FE267E20089A96A /* Sources */,
				B4FA12AE1FE267E20089A96A /* Frameworks */,
				B4FA12AF1FE267E20089A96A /* Resources */,
			);
			buildRules = (
			);
			dependencies = (
			);
			name = Network_iOS;
			productName = Network_iOS;
			productReference = B4FA12B11FE267E20089A96A /* Network_iOS.app */;
			productType = "com.apple.product-type.application";
		};
		B4FA12D91FE267F50089A96A /* Network_Mac */ = {
			isa = PBXNativeTarget;
			buildConfigurationList = B4FA12DE1FE267F50089A96A /* Build configuration list for PBXNativeTarget "Network_Mac" */;
			buildPhases = (
				B4FA12D61FE267F50089A96A /* Sources */,
				B4FA12D71FE267F50089A96A /* Frameworks */,
				B4FA12D81FE267F50089A96A /* CopyFiles */,
			);
			buildRules = (
			);
			dependencies = (
			);
			name = Network_Mac;
			productName = Network_Mac;
			productReference = B4FA12DA1FE267F50089A96A /* Network_Mac */;
			productType = "com.apple.product-type.tool";
		};
/* End PBXNativeTarget section */

/* Begin PBXProject section */
		B4FA12A71FE267B60089A96A /* Project object */ = {
			isa = PBXProject;
			attributes = {
				LastUpgradeCheck = 0920;
				TargetAttributes = {
					B4FA12B01FE267E20089A96A = {
						CreatedOnToolsVersion = 9.2;
						ProvisioningStyle = Manual;
					};
					B4FA12D91FE267F50089A96A = {
						CreatedOnToolsVersion = 9.2;
						ProvisioningStyle = Automatic;
					};
				};
			};
			buildConfigurationList = B4FA12AA1FE267B60089A96A /* Build configuration list for PBXProject "Network" */;
			compatibilityVersion = "Xcode 8.0";
			developmentRegion = en;
			hasScannedForEncodings = 0;
			knownRegions = (
				en,
				Base,
			);
			mainGroup = B4FA12A61FE267B60089A96A;
			productRefGroup = B4FA12B21FE267E20089A96A /* Products */;
			projectDirPath = "";
			projectRoot = "";
			targets = (
				B4FA12D91FE267F50089A96A /* Network_Mac */,
				B4FA12B01FE267E20089A96A /* Network_iOS */,
			);
		};
/* End PBXProject section */

/* Begin PBXResourcesBuildPhase section */
		B4FA12AF1FE267E20089A96A /* Resources */ = {
			isa = PBXResourcesBuildPhase;
			buildActionMask = 2147483647;
			files = (
				B4FA13551FE26B260089A96A /* libxml.html in Resources */,
				B4FA12C11FE267E20089A96A /* LaunchScreen.storyboard in Resources */,
				B4FA13401FE26B260089A96A /* readme.md in Resources */,
				B4FA12BE1FE267E20089A96A /* Assets.xcassets in Resources */,
				B4FA13311FE26B260089A96A /* CreatedXml.xml in Resources */,
				B4FA132B1FE26B260089A96A /* MAKEFILE in Resources */,
				B4FA12BC1FE267E20089A96A /* Main.storyboard in Resources */,
				B4FA13331FE26B260089A96A /* 1.xml in Resources */,
				B4FA13321FE26B260089A96A /* ChangedXml.xml in Resources */,
				B4FA13781FE26E830089A96A /* README.md in Resources */,
				B4FA132E1FE26B260089A96A /* CreatedXml_cn.xml in Resources */,
			);
			runOnlyForDeploymentPostprocessing = 0;
		};
/* End PBXResourcesBuildPhase section */

/* Begin PBXSourcesBuildPhase section */
		B4FA12AD1FE267E20089A96A /* Sources */ = {
			isa = PBXSourcesBuildPhase;
			buildActionMask = 2147483647;
			files = (
				B4FA12F71FE26A560089A96A /* IMSI.m in Sources */,
				B4FA13661FE26C440089A96A /* ReachabilityDefination.m in Sources */,
				B4FA12B91FE267E20089A96A /* ViewController.m in Sources */,
				B4FA12E41FE268500089A96A /* Test.m in Sources */,
				B4FA136A1FE26D430089A96A /* WiFi.m in Sources */,
				B4FA13001FE26AE50089A96A /* IMSIXMLParser.m in Sources */,
				B4FA12FC1FE26A9B0089A96A /* IMSIManager.m in Sources */,
				B4FA13621FE26C2B0089A96A /* Ping.m in Sources */,
				B4FA12C41FE267E20089A96A /* main.m in Sources */,
				B4FA13761FE26E100089A96A /* libxmlParser.m in Sources */,
				B4FA13591FE26BD50089A96A /* Addr_Interface.m in Sources */,
				B4FA135D1FE26C010089A96A /* Reachability.m in Sources */,
				B4FA12B61FE267E20089A96A /* AppDelegate.m in Sources */,
			);
			runOnlyForDeploymentPostprocessing = 0;
		};
		B4FA12D61FE267F50089A96A /* Sources */ = {
			isa = PBXSourcesBuildPhase;
			buildActionMask = 2147483647;
			files = (
				B4FA136B1FE26D430089A96A /* WiFi.m in Sources */,
				B4FA12F81FE26A560089A96A /* IMSI.m in Sources */,
				B4FA12FD1FE26A9B0089A96A /* IMSIManager.m in Sources */,
				B4FA12DD1FE267F50089A96A /* main.m in Sources */,
				B4FA135E1FE26C010089A96A /* Reachability.m in Sources */,
				B4FA13011FE26AE50089A96A /* IMSIXMLParser.m in Sources */,
				B4FA135A1FE26BD50089A96A /* Addr_Interface.m in Sources */,
				B4FA12E51FE268500089A96A /* Test.m in Sources */,
				B4FA13631FE26C2B0089A96A /* Ping.m in Sources */,
				B4FA13751FE26E100089A96A /* libxmlParser.m in Sources */,
				B4FA13671FE26C440089A96A /* ReachabilityDefination.m in Sources */,
			);
			runOnlyForDeploymentPostprocessing = 0;
		};
/* End PBXSourcesBuildPhase section */

/* Begin PBXVariantGroup section */
		B4FA12BA1FE267E20089A96A /* Main.storyboard */ = {
			isa = PBXVariantGroup;
			children = (
				B4FA12BB1FE267E20089A96A /* Base */,
			);
			name = Main.storyboard;
			sourceTree = "<group>";
		};
		B4FA12BF1FE267E20089A96A /* LaunchScreen.storyboard */ = {
			isa = PBXVariantGroup;
			children = (
				B4FA12C01FE267E20089A96A /* Base */,
			);
			name = LaunchScreen.storyboard;
			sourceTree = "<group>";
		};
/* End PBXVariantGroup section */

/* Begin XCBuildConfiguration section */
		B4FA12AB1FE267B60089A96A /* Debug */ = {
			isa = XCBuildConfiguration;
			buildSettings = {
			};
			name = Debug;
		};
		B4FA12AC1FE267B60089A96A /* Release */ = {
			isa = XCBuildConfiguration;
			buildSettings = {
			};
			name = Release;
		};
		B4FA12D11FE267E30089A96A /* Debug */ = {
			isa = XCBuildConfiguration;
			buildSettings = {
				ALWAYS_SEARCH_USER_PATHS = NO;
				ASSETCATALOG_COMPILER_APPICON_NAME = AppIcon;
				CLANG_ANALYZER_NONNULL = YES;
				CLANG_ANALYZER_NUMBER_OBJECT_CONVERSION = YES_AGGRESSIVE;
				CLANG_CXX_LANGUAGE_STANDARD = "gnu++14";
				CLANG_CXX_LIBRARY = "libc++";
				CLANG_ENABLE_MODULES = YES;
				CLANG_ENABLE_OBJC_ARC = YES;
				CLANG_WARN_BLOCK_CAPTURE_AUTORELEASING = YES;
				CLANG_WARN_BOOL_CONVERSION = YES;
				CLANG_WARN_COMMA = YES;
				CLANG_WARN_CONSTANT_CONVERSION = YES;
				CLANG_WARN_DIRECT_OBJC_ISA_USAGE = YES_ERROR;
				CLANG_WARN_DOCUMENTATION_COMMENTS = YES;
				CLANG_WARN_EMPTY_BODY = YES;
				CLANG_WARN_ENUM_CONVERSION = YES;
				CLANG_WARN_INFINITE_RECURSION = YES;
				CLANG_WARN_INT_CONVERSION = YES;
				CLANG_WARN_NON_LITERAL_NULL_CONVERSION = YES;
				CLANG_WARN_OBJC_LITERAL_CONVERSION = YES;
				CLANG_WARN_OBJC_ROOT_CLASS = YES_ERROR;
				CLANG_WARN_RANGE_LOOP_ANALYSIS = YES;
				CLANG_WARN_STRICT_PROTOTYPES = YES;
				CLANG_WARN_SUSPICIOUS_MOVE = YES;
				CLANG_WARN_UNGUARDED_AVAILABILITY = YES_AGGRESSIVE;
				CLANG_WARN_UNREACHABLE_CODE = YES;
				CLANG_WARN__DUPLICATE_METHOD_MATCH = YES;
				CODE_SIGN_IDENTITY = "iPhone Developer";
				CODE_SIGN_STYLE = Manual;
				COPY_PHASE_STRIP = NO;
				DEBUG_INFORMATION_FORMAT = dwarf;
				DEVELOPMENT_TEAM = XWNPFKK4U5;
				ENABLE_STRICT_OBJC_MSGSEND = YES;
				ENABLE_TESTABILITY = YES;
				GCC_C_LANGUAGE_STANDARD = gnu11;
				GCC_DYNAMIC_NO_PIC = NO;
				GCC_NO_COMMON_BLOCKS = YES;
				GCC_OPTIMIZATION_LEVEL = 0;
				GCC_PREPROCESSOR_DEFINITIONS = (
					"DEBUG=1",
					"$(inherited)",
				);
				GCC_WARN_64_TO_32_BIT_CONVERSION = YES;
				GCC_WARN_ABOUT_RETURN_TYPE = YES_ERROR;
				GCC_WARN_UNDECLARED_SELECTOR = YES;
				GCC_WARN_UNINITIALIZED_AUTOS = YES_AGGRESSIVE;
				GCC_WARN_UNUSED_FUNCTION = YES;
				GCC_WARN_UNUSED_VARIABLE = YES;
				HEADER_SEARCH_PATHS = /usr/include/libxml2/;
				INFOPLIST_FILE = Network_iOS/Info.plist;
				IPHONEOS_DEPLOYMENT_TARGET = 8.0;
				LD_RUNPATH_SEARCH_PATHS = "$(inherited) @executable_path/Frameworks";
				MTL_ENABLE_DEBUG_INFO = YES;
				ONLY_ACTIVE_ARCH = YES;
				PRODUCT_BUNDLE_IDENTIFIER = "com.bluelich.Network-iOS";
				PRODUCT_NAME = "$(TARGET_NAME)";
				PROVISIONING_PROFILE = "0a1bcf6c-1ddb-4670-84a9-fa673bed0dcc";
				PROVISIONING_PROFILE_SPECIFIER = "WildCard(Dev)";
				SDKROOT = iphoneos;
				TARGETED_DEVICE_FAMILY = "1,2";
			};
			name = Debug;
		};
		B4FA12D21FE267E30089A96A /* Release */ = {
			isa = XCBuildConfiguration;
			buildSettings = {
				ALWAYS_SEARCH_USER_PATHS = NO;
				ASSETCATALOG_COMPILER_APPICON_NAME = AppIcon;
				CLANG_ANALYZER_NONNULL = YES;
				CLANG_ANALYZER_NUMBER_OBJECT_CONVERSION = YES_AGGRESSIVE;
				CLANG_CXX_LANGUAGE_STANDARD = "gnu++14";
				CLANG_CXX_LIBRARY = "libc++";
				CLANG_ENABLE_MODULES = YES;
				CLANG_ENABLE_OBJC_ARC = YES;
				CLANG_WARN_BLOCK_CAPTURE_AUTORELEASING = YES;
				CLANG_WARN_BOOL_CONVERSION = YES;
				CLANG_WARN_COMMA = YES;
				CLANG_WARN_CONSTANT_CONVERSION = YES;
				CLANG_WARN_DIRECT_OBJC_ISA_USAGE = YES_ERROR;
				CLANG_WARN_DOCUMENTATION_COMMENTS = YES;
				CLANG_WARN_EMPTY_BODY = YES;
				CLANG_WARN_ENUM_CONVERSION = YES;
				CLANG_WARN_INFINITE_RECURSION = YES;
				CLANG_WARN_INT_CONVERSION = YES;
				CLANG_WARN_NON_LITERAL_NULL_CONVERSION = YES;
				CLANG_WARN_OBJC_LITERAL_CONVERSION = YES;
				CLANG_WARN_OBJC_ROOT_CLASS = YES_ERROR;
				CLANG_WARN_RANGE_LOOP_ANALYSIS = YES;
				CLANG_WARN_STRICT_PROTOTYPES = YES;
				CLANG_WARN_SUSPICIOUS_MOVE = YES;
				CLANG_WARN_UNGUARDED_AVAILABILITY = YES_AGGRESSIVE;
				CLANG_WARN_UNREACHABLE_CODE = YES;
				CLANG_WARN__DUPLICATE_METHOD_MATCH = YES;
				CODE_SIGN_IDENTITY = "iPhone Developer";
				"CODE_SIGN_IDENTITY[sdk=iphoneos*]" = "iPhone Distribution";
				CODE_SIGN_STYLE = Manual;
				COPY_PHASE_STRIP = NO;
				DEBUG_INFORMATION_FORMAT = "dwarf-with-dsym";
				DEVELOPMENT_TEAM = XWNPFKK4U5;
				ENABLE_NS_ASSERTIONS = NO;
				ENABLE_STRICT_OBJC_MSGSEND = YES;
				GCC_C_LANGUAGE_STANDARD = gnu11;
				GCC_NO_COMMON_BLOCKS = YES;
				GCC_WARN_64_TO_32_BIT_CONVERSION = YES;
				GCC_WARN_ABOUT_RETURN_TYPE = YES_ERROR;
				GCC_WARN_UNDECLARED_SELECTOR = YES;
				GCC_WARN_UNINITIALIZED_AUTOS = YES_AGGRESSIVE;
				GCC_WARN_UNUSED_FUNCTION = YES;
				GCC_WARN_UNUSED_VARIABLE = YES;
				HEADER_SEARCH_PATHS = /usr/include/libxml2/;
				INFOPLIST_FILE = Network_iOS/Info.plist;
				IPHONEOS_DEPLOYMENT_TARGET = 8.0;
				LD_RUNPATH_SEARCH_PATHS = "$(inherited) @executable_path/Frameworks";
				MTL_ENABLE_DEBUG_INFO = NO;
				PRODUCT_BUNDLE_IDENTIFIER = "com.bluelich.Network-iOS";
				PRODUCT_NAME = "$(TARGET_NAME)";
				PROVISIONING_PROFILE = "f13f344d-e450-4246-8521-62f5113d7ba1";
				PROVISIONING_PROFILE_SPECIFIER = "Wildcard(Ad Hoc)";
				SDKROOT = iphoneos;
				TARGETED_DEVICE_FAMILY = "1,2";
				VALIDATE_PRODUCT = YES;
			};
			name = Release;
		};
		B4FA12DF1FE267F50089A96A /* Debug */ = {
			isa = XCBuildConfiguration;
			buildSettings = {
				ALWAYS_SEARCH_USER_PATHS = NO;
				CLANG_ANALYZER_NONNULL = YES;
				CLANG_ANALYZER_NUMBER_OBJECT_CONVERSION = YES_AGGRESSIVE;
				CLANG_CXX_LANGUAGE_STANDARD = "gnu++14";
				CLANG_CXX_LIBRARY = "libc++";
				CLANG_ENABLE_MODULES = YES;
				CLANG_ENABLE_OBJC_ARC = YES;
				CLANG_WARN_BLOCK_CAPTURE_AUTORELEASING = YES;
				CLANG_WARN_BOOL_CONVERSION = YES;
				CLANG_WARN_COMMA = YES;
				CLANG_WARN_CONSTANT_CONVERSION = YES;
				CLANG_WARN_DIRECT_OBJC_ISA_USAGE = YES_ERROR;
				CLANG_WARN_DOCUMENTATION_COMMENTS = YES;
				CLANG_WARN_EMPTY_BODY = YES;
				CLANG_WARN_ENUM_CONVERSION = YES;
				CLANG_WARN_INFINITE_RECURSION = YES;
				CLANG_WARN_INT_CONVERSION = YES;
				CLANG_WARN_NON_LITERAL_NULL_CONVERSION = YES;
				CLANG_WARN_OBJC_LITERAL_CONVERSION = YES;
				CLANG_WARN_OBJC_ROOT_CLASS = YES_ERROR;
				CLANG_WARN_RANGE_LOOP_ANALYSIS = YES;
				CLANG_WARN_STRICT_PROTOTYPES = YES;
				CLANG_WARN_SUSPICIOUS_MOVE = YES;
				CLANG_WARN_UNGUARDED_AVAILABILITY = YES_AGGRESSIVE;
				CLANG_WARN_UNREACHABLE_CODE = YES;
				CLANG_WARN__DUPLICATE_METHOD_MATCH = YES;
				CODE_SIGN_IDENTITY = "-";
				CODE_SIGN_STYLE = Automatic;
				COPY_PHASE_STRIP = NO;
				DEBUG_INFORMATION_FORMAT = dwarf;
				ENABLE_STRICT_OBJC_MSGSEND = YES;
				ENABLE_TESTABILITY = YES;
				GCC_C_LANGUAGE_STANDARD = gnu11;
				GCC_DYNAMIC_NO_PIC = NO;
				GCC_NO_COMMON_BLOCKS = YES;
				GCC_OPTIMIZATION_LEVEL = 0;
				GCC_PREPROCESSOR_DEFINITIONS = (
					"DEBUG=1",
					"$(inherited)",
				);
				GCC_WARN_64_TO_32_BIT_CONVERSION = YES;
				GCC_WARN_ABOUT_RETURN_TYPE = YES_ERROR;
				GCC_WARN_UNDECLARED_SELECTOR = YES;
				GCC_WARN_UNINITIALIZED_AUTOS = YES_AGGRESSIVE;
				GCC_WARN_UNUSED_FUNCTION = YES;
				GCC_WARN_UNUSED_VARIABLE = YES;
				HEADER_SEARCH_PATHS = /usr/include/libxml2/;
				MACOSX_DEPLOYMENT_TARGET = 10.10;
				MTL_ENABLE_DEBUG_INFO = YES;
				ONLY_ACTIVE_ARCH = YES;
				PRODUCT_NAME = "$(TARGET_NAME)";
				SDKROOT = macosx;
			};
			name = Debug;
		};
		B4FA12E01FE267F50089A96A /* Release */ = {
			isa = XCBuildConfiguration;
			buildSettings = {
				ALWAYS_SEARCH_USER_PATHS = NO;
				CLANG_ANALYZER_NONNULL = YES;
				CLANG_ANALYZER_NUMBER_OBJECT_CONVERSION = YES_AGGRESSIVE;
				CLANG_CXX_LANGUAGE_STANDARD = "gnu++14";
				CLANG_CXX_LIBRARY = "libc++";
				CLANG_ENABLE_MODULES = YES;
				CLANG_ENABLE_OBJC_ARC = YES;
				CLANG_WARN_BLOCK_CAPTURE_AUTORELEASING = YES;
				CLANG_WARN_BOOL_CONVERSION = YES;
				CLANG_WARN_COMMA = YES;
				CLANG_WARN_CONSTANT_CONVERSION = YES;
				CLANG_WARN_DIRECT_OBJC_ISA_USAGE = YES_ERROR;
				CLANG_WARN_DOCUMENTATION_COMMENTS = YES;
				CLANG_WARN_EMPTY_BODY = YES;
				CLANG_WARN_ENUM_CONVERSION = YES;
				CLANG_WARN_INFINITE_RECURSION = YES;
				CLANG_WARN_INT_CONVERSION = YES;
				CLANG_WARN_NON_LITERAL_NULL_CONVERSION = YES;
				CLANG_WARN_OBJC_LITERAL_CONVERSION = YES;
				CLANG_WARN_OBJC_ROOT_CLASS = YES_ERROR;
				CLANG_WARN_RANGE_LOOP_ANALYSIS = YES;
				CLANG_WARN_STRICT_PROTOTYPES = YES;
				CLANG_WARN_SUSPICIOUS_MOVE = YES;
				CLANG_WARN_UNGUARDED_AVAILABILITY = YES_AGGRESSIVE;
				CLANG_WARN_UNREACHABLE_CODE = YES;
				CLANG_WARN__DUPLICATE_METHOD_MATCH = YES;
				CODE_SIGN_IDENTITY = "-";
				CODE_SIGN_STYLE = Automatic;
				COPY_PHASE_STRIP = NO;
				DEBUG_INFORMATION_FORMAT = "dwarf-with-dsym";
				ENABLE_NS_ASSERTIONS = NO;
				ENABLE_STRICT_OBJC_MSGSEND = YES;
				GCC_C_LANGUAGE_STANDARD = gnu11;
				GCC_NO_COMMON_BLOCKS = YES;
				GCC_WARN_64_TO_32_BIT_CONVERSION = YES;
				GCC_WARN_ABOUT_RETURN_TYPE = YES_ERROR;
				GCC_WARN_UNDECLARED_SELECTOR = YES;
				GCC_WARN_UNINITIALIZED_AUTOS = YES_AGGRESSIVE;
				GCC_WARN_UNUSED_FUNCTION = YES;
				GCC_WARN_UNUSED_VARIABLE = YES;
				HEADER_SEARCH_PATHS = /usr/include/libxml2/;
				MACOSX_DEPLOYMENT_TARGET = 10.10;
				MTL_ENABLE_DEBUG_INFO = NO;
				PRODUCT_NAME = "$(TARGET_NAME)";
				SDKROOT = macosx;
			};
			name = Release;
		};
/* End XCBuildConfiguration section */

/* Begin XCConfigurationList section */
		B4FA12AA1FE267B60089A96A /* Build configuration list for PBXProject "Network" */ = {
			isa = XCConfigurationList;
			buildConfigurations = (
				B4FA12AB1FE267B60089A96A /* Debug */,
				B4FA12AC1FE267B60089A96A /* Release */,
			);
			defaultConfigurationIsVisible = 0;
			defaultConfigurationName = Release;
		};
		B4FA12D01FE267E30089A96A /* Build configuration list for PBXNativeTarget "Network_iOS" */ = {
			isa = XCConfigurationList;
			buildConfigurations = (
				B4FA12D11FE267E30089A96A /* Debug */,
				B4FA12D21FE267E30089A96A /* Release */,
			);
			defaultConfigurationIsVisible = 0;
			defaultConfigurationName = Release;
		};
		B4FA12DE1FE267F50089A96A /* Build configuration list for PBXNativeTarget "Network_Mac" */ = {
			isa = XCConfigurationList;
			buildConfigurations = (
				B4FA12DF1FE267F50089A96A /* Debug */,
				B4FA12E01FE267F50089A96A /* Release */,
			);
			defaultConfigurationIsVisible = 0;
			defaultConfigurationName = Release;
		};
/* End XCConfigurationList section */
	};
	rootObject = B4FA12A71FE267B60089A96A /* Project object */;
}
